// !$*UTF8*$!
{
	archiveVersion = 1;
	classes = {
	};
	objectVersion = 46;
	objects = {

/* Begin PBXBuildFile section */
		8312C6311E380F2400B2A214 /* AppDelegate.swift in Sources */ = {isa = PBXBuildFile; fileRef = 8312C6301E380F2400B2A214 /* AppDelegate.swift */; };
		8312C6361E380F2400B2A214 /* Main.storyboard in Resources */ = {isa = PBXBuildFile; fileRef = 8312C6341E380F2400B2A214 /* Main.storyboard */; };
		8312C6381E380F2400B2A214 /* Assets.xcassets in Resources */ = {isa = PBXBuildFile; fileRef = 8312C6371E380F2400B2A214 /* Assets.xcassets */; };
		8312C63B1E380F2400B2A214 /* LaunchScreen.storyboard in Resources */ = {isa = PBXBuildFile; fileRef = 8312C6391E380F2400B2A214 /* LaunchScreen.storyboard */; };
		833191601E3E8A6900AB2317 /* Places.swift in Sources */ = {isa = PBXBuildFile; fileRef = 8331915F1E3E8A6900AB2317 /* Places.swift */; };
		833191621E3EE74D00AB2317 /* ListViewController.swift in Sources */ = {isa = PBXBuildFile; fileRef = 833191611E3EE74D00AB2317 /* ListViewController.swift */; };
		833191641E3EF62A00AB2317 /* Place.swift in Sources */ = {isa = PBXBuildFile; fileRef = 833191631E3EF62A00AB2317 /* Place.swift */; };
		833E68131E3E8307009CA34C /* GoogleService-Info.plist in Resources */ = {isa = PBXBuildFile; fileRef = 833E68121E3E8307009CA34C /* GoogleService-Info.plist */; };
		83CF93881E3FCF3D00E9A2CD /* ListTableViewCell.swift in Sources */ = {isa = PBXBuildFile; fileRef = 83CF93871E3FCF3D00E9A2CD /* ListTableViewCell.swift */; };
		83E226E71E8B76B600D635C7 /* DetailViewController.swift in Sources */ = {isa = PBXBuildFile; fileRef = 83E226E61E8B76B600D635C7 /* DetailViewController.swift */; };
		83E226E91E8B8A7D00D635C7 /* MapViewController.swift in Sources */ = {isa = PBXBuildFile; fileRef = 83E226E81E8B8A7D00D635C7 /* MapViewController.swift */; };
		83F9E2F81E8DCD1D000B6C51 /* MainListTableViewCell.swift in Sources */ = {isa = PBXBuildFile; fileRef = 83F9E2F71E8DCD1D000B6C51 /* MainListTableViewCell.swift */; };
		8D25DA5A7144431868479A83 /* Pods_Clemson_Crowds.framework in Frameworks */ = {isa = PBXBuildFile; fileRef = 56FCCC8A6E7E09B46E0ABE54 /* Pods_Clemson_Crowds.framework */; };
/* End PBXBuildFile section */

/* Begin PBXFileReference section */
		50A36FC42B90AA1F2C2A4083 /* Pods-Clemson Crowds.release.xcconfig */ = {isa = PBXFileReference; includeInIndex = 1; lastKnownFileType = text.xcconfig; name = "Pods-Clemson Crowds.release.xcconfig"; path = "Pods/Target Support Files/Pods-Clemson Crowds/Pods-Clemson Crowds.release.xcconfig"; sourceTree = "<group>"; };
		56FCCC8A6E7E09B46E0ABE54 /* Pods_Clemson_Crowds.framework */ = {isa = PBXFileReference; explicitFileType = wrapper.framework; includeInIndex = 0; path = Pods_Clemson_Crowds.framework; sourceTree = BUILT_PRODUCTS_DIR; };
		8312C62D1E380F2400B2A214 /* Clemson Crowds.app */ = {isa = PBXFileReference; explicitFileType = wrapper.application; includeInIndex = 0; path = "Clemson Crowds.app"; sourceTree = BUILT_PRODUCTS_DIR; };
		8312C6301E380F2400B2A214 /* AppDelegate.swift */ = {isa = PBXFileReference; lastKnownFileType = sourcecode.swift; path = AppDelegate.swift; sourceTree = "<group>"; };
		8312C6351E380F2400B2A214 /* Base */ = {isa = PBXFileReference; lastKnownFileType = file.storyboard; name = Base; path = Base.lproj/Main.storyboard; sourceTree = "<group>"; };
		8312C6371E380F2400B2A214 /* Assets.xcassets */ = {isa = PBXFileReference; lastKnownFileType = folder.assetcatalog; path = Assets.xcassets; sourceTree = "<group>"; };
		8312C63A1E380F2400B2A214 /* Base */ = {isa = PBXFileReference; lastKnownFileType = file.storyboard; name = Base; path = Base.lproj/LaunchScreen.storyboard; sourceTree = "<group>"; };
		8312C63C1E380F2400B2A214 /* Info.plist */ = {isa = PBXFileReference; lastKnownFileType = text.plist.xml; path = Info.plist; sourceTree = "<group>"; };
		8331915F1E3E8A6900AB2317 /* Places.swift */ = {isa = PBXFileReference; fileEncoding = 4; lastKnownFileType = sourcecode.swift; path = Places.swift; sourceTree = "<group>"; };
		833191611E3EE74D00AB2317 /* ListViewController.swift */ = {isa = PBXFileReference; fileEncoding = 4; lastKnownFileType = sourcecode.swift; path = ListViewController.swift; sourceTree = "<group>"; };
		833191631E3EF62A00AB2317 /* Place.swift */ = {isa = PBXFileReference; fileEncoding = 4; lastKnownFileType = sourcecode.swift; path = Place.swift; sourceTree = "<group>"; };
		833E68121E3E8307009CA34C /* GoogleService-Info.plist */ = {isa = PBXFileReference; fileEncoding = 4; lastKnownFileType = text.plist.xml; path = "GoogleService-Info.plist"; sourceTree = "<group>"; };
		83CF93871E3FCF3D00E9A2CD /* ListTableViewCell.swift */ = {isa = PBXFileReference; fileEncoding = 4; lastKnownFileType = sourcecode.swift; path = ListTableViewCell.swift; sourceTree = "<group>"; };
		83E226E61E8B76B600D635C7 /* DetailViewController.swift */ = {isa = PBXFileReference; fileEncoding = 4; lastKnownFileType = sourcecode.swift; path = DetailViewController.swift; sourceTree = "<group>"; };
		83E226E81E8B8A7D00D635C7 /* MapViewController.swift */ = {isa = PBXFileReference; fileEncoding = 4; lastKnownFileType = sourcecode.swift; path = MapViewController.swift; sourceTree = "<group>"; };
		83F9E2F71E8DCD1D000B6C51 /* MainListTableViewCell.swift */ = {isa = PBXFileReference; fileEncoding = 4; lastKnownFileType = sourcecode.swift; path = MainListTableViewCell.swift; sourceTree = "<group>"; };
		F17E6240A9FEBB751B9EF5A3 /* Pods-Clemson Crowds.debug.xcconfig */ = {isa = PBXFileReference; includeInIndex = 1; lastKnownFileType = text.xcconfig; name = "Pods-Clemson Crowds.debug.xcconfig"; path = "Pods/Target Support Files/Pods-Clemson Crowds/Pods-Clemson Crowds.debug.xcconfig"; sourceTree = "<group>"; };
/* End PBXFileReference section */

/* Begin PBXFrameworksBuildPhase section */
		8312C62A1E380F2400B2A214 /* Frameworks */ = {
			isa = PBXFrameworksBuildPhase;
			buildActionMask = 2147483647;
			files = (
				8D25DA5A7144431868479A83 /* Pods_Clemson_Crowds.framework in Frameworks */,
			);
			runOnlyForDeploymentPostprocessing = 0;
		};
/* End PBXFrameworksBuildPhase section */

/* Begin PBXGroup section */
		54E5E1B3ACA11723F2A6C9EC /* Pods */ = {
			isa = PBXGroup;
			children = (
				F17E6240A9FEBB751B9EF5A3 /* Pods-Clemson Crowds.debug.xcconfig */,
				50A36FC42B90AA1F2C2A4083 /* Pods-Clemson Crowds.release.xcconfig */,
			);
			name = Pods;
			sourceTree = "<group>";
		};
		8312C6241E380F2400B2A214 = {
			isa = PBXGroup;
			children = (
				8312C62F1E380F2400B2A214 /* Clemson Crowds */,
				8312C62E1E380F2400B2A214 /* Products */,
				54E5E1B3ACA11723F2A6C9EC /* Pods */,
				953F5B584C91871C992D11F6 /* Frameworks */,
			);
			sourceTree = "<group>";
		};
		8312C62E1E380F2400B2A214 /* Products */ = {
			isa = PBXGroup;
			children = (
				8312C62D1E380F2400B2A214 /* Clemson Crowds.app */,
			);
			name = Products;
			sourceTree = "<group>";
		};
		8312C62F1E380F2400B2A214 /* Clemson Crowds */ = {
			isa = PBXGroup;
			children = (
				8312C6301E380F2400B2A214 /* AppDelegate.swift */,
				8331915F1E3E8A6900AB2317 /* Places.swift */,
				833191631E3EF62A00AB2317 /* Place.swift */,
				83E226E61E8B76B600D635C7 /* DetailViewController.swift */,
				833191611E3EE74D00AB2317 /* ListViewController.swift */,
				83E226E81E8B8A7D00D635C7 /* MapViewController.swift */,
				83F9E2F91E8DD16B000B6C51 /* Custom Cells */,
				8312C6341E380F2400B2A214 /* Main.storyboard */,
				8312C6371E380F2400B2A214 /* Assets.xcassets */,
				8312C6391E380F2400B2A214 /* LaunchScreen.storyboard */,
				8312C63C1E380F2400B2A214 /* Info.plist */,
				833E68121E3E8307009CA34C /* GoogleService-Info.plist */,
			);
			path = "Clemson Crowds";
			sourceTree = "<group>";
		};
		83F9E2F91E8DD16B000B6C51 /* Custom Cells */ = {
			isa = PBXGroup;
			children = (
				83CF93871E3FCF3D00E9A2CD /* ListTableViewCell.swift */,
				83F9E2F71E8DCD1D000B6C51 /* MainListTableViewCell.swift */,
			);
			name = "Custom Cells";
			sourceTree = "<group>";
		};
		953F5B584C91871C992D11F6 /* Frameworks */ = {
			isa = PBXGroup;
			children = (
				56FCCC8A6E7E09B46E0ABE54 /* Pods_Clemson_Crowds.framework */,
			);
			name = Frameworks;
			sourceTree = "<group>";
		};
/* End PBXGroup section */

/* Begin PBXNativeTarget section */
		8312C62C1E380F2400B2A214 /* Clemson Crowds */ = {
			isa = PBXNativeTarget;
			buildConfigurationList = 8312C63F1E380F2400B2A214 /* Build configuration list for PBXNativeTarget "Clemson Crowds" */;
			buildPhases = (
				EDFC2CCEE740E1C2EBA2BFDE /* [CP] Check Pods Manifest.lock */,
				8312C6291E380F2400B2A214 /* Sources */,
				8312C62A1E380F2400B2A214 /* Frameworks */,
				8312C62B1E380F2400B2A214 /* Resources */,
				49FE6410EB933674D0741B72 /* [CP] Embed Pods Frameworks */,
				317C01B6BF239804F7DCC777 /* [CP] Copy Pods Resources */,
			);
			buildRules = (
			);
			dependencies = (
			);
			name = "Clemson Crowds";
			productName = "Clemson Crowds";
			productReference = 8312C62D1E380F2400B2A214 /* Clemson Crowds.app */;
			productType = "com.apple.product-type.application";
		};
/* End PBXNativeTarget section */

/* Begin PBXProject section */
		8312C6251E380F2400B2A214 /* Project object */ = {
			isa = PBXProject;
			attributes = {
				LastSwiftUpdateCheck = 0820;
				LastUpgradeCheck = 0820;
				ORGANIZATIONNAME = "Shannon Beck";
				TargetAttributes = {
					8312C62C1E380F2400B2A214 = {
						CreatedOnToolsVersion = 8.2.1;
						DevelopmentTeam = YZ525N58KZ;
						ProvisioningStyle = Automatic;
					};
				};
			};
			buildConfigurationList = 8312C6281E380F2400B2A214 /* Build configuration list for PBXProject "Clemson Crowds" */;
			compatibilityVersion = "Xcode 3.2";
			developmentRegion = English;
			hasScannedForEncodings = 0;
			knownRegions = (
				en,
				Base,
			);
			mainGroup = 8312C6241E380F2400B2A214;
			productRefGroup = 8312C62E1E380F2400B2A214 /* Products */;
			projectDirPath = "";
			projectRoot = "";
			targets = (
				8312C62C1E380F2400B2A214 /* Clemson Crowds */,
			);
		};
/* End PBXProject section */

/* Begin PBXResourcesBuildPhase section */
		8312C62B1E380F2400B2A214 /* Resources */ = {
			isa = PBXResourcesBuildPhase;
			buildActionMask = 2147483647;
			files = (
				8312C63B1E380F2400B2A214 /* LaunchScreen.storyboard in Resources */,
				833E68131E3E8307009CA34C /* GoogleService-Info.plist in Resources */,
				8312C6381E380F2400B2A214 /* Assets.xcassets in Resources */,
				8312C6361E380F2400B2A214 /* Main.storyboard in Resources */,
			);
			runOnlyForDeploymentPostprocessing = 0;
		};
/* End PBXResourcesBuildPhase section */

/* Begin PBXShellScriptBuildPhase section */
		317C01B6BF239804F7DCC777 /* [CP] Copy Pods Resources */ = {
			isa = PBXShellScriptBuildPhase;
			buildActionMask = 2147483647;
			files = (
			);
			inputPaths = (
			);
			name = "[CP] Copy Pods Resources";
			outputPaths = (
			);
			runOnlyForDeploymentPostprocessing = 0;
			shellPath = /bin/sh;
			shellScript = "\"${SRCROOT}/Pods/Target Support Files/Pods-Clemson Crowds/Pods-Clemson Crowds-resources.sh\"\n";
			showEnvVarsInLog = 0;
		};
		49FE6410EB933674D0741B72 /* [CP] Embed Pods Frameworks */ = {
			isa = PBXShellScriptBuildPhase;
			buildActionMask = 2147483647;
			files = (
			);
			inputPaths = (
			);
			name = "[CP] Embed Pods Frameworks";
			outputPaths = (
			);
			runOnlyForDeploymentPostprocessing = 0;
			shellPath = /bin/sh;
			shellScript = "\"${SRCROOT}/Pods/Target Support Files/Pods-Clemson Crowds/Pods-Clemson Crowds-frameworks.sh\"\n";
			showEnvVarsInLog = 0;
		};
		EDFC2CCEE740E1C2EBA2BFDE /* [CP] Check Pods Manifest.lock */ = {
			isa = PBXShellScriptBuildPhase;
			buildActionMask = 2147483647;
			files = (
			);
			inputPaths = (
			);
			name = "[CP] Check Pods Manifest.lock";
			outputPaths = (
			);
			runOnlyForDeploymentPostprocessing = 0;
			shellPath = /bin/sh;
			shellScript = "diff \"${PODS_ROOT}/../Podfile.lock\" \"${PODS_ROOT}/Manifest.lock\" > /dev/null\nif [ $? != 0 ] ; then\n    # print error to STDERR\n    echo \"error: The sandbox is not in sync with the Podfile.lock. Run 'pod install' or update your CocoaPods installation.\" >&2\n    exit 1\nfi\n";
			showEnvVarsInLog = 0;
		};
/* End PBXShellScriptBuildPhase section */

/* Begin PBXSourcesBuildPhase section */
		8312C6291E380F2400B2A214 /* Sources */ = {
			isa = PBXSourcesBuildPhase;
			buildActionMask = 2147483647;
			files = (
				8312C6311E380F2400B2A214 /* AppDelegate.swift in Sources */,
				833191601E3E8A6900AB2317 /* Places.swift in Sources */,
				83F9E2F81E8DCD1D000B6C51 /* MainListTableViewCell.swift in Sources */,
				833191621E3EE74D00AB2317 /* ListViewController.swift in Sources */,
				83E226E71E8B76B600D635C7 /* DetailViewController.swift in Sources */,
				833191641E3EF62A00AB2317 /* Place.swift in Sources */,
				83CF93881E3FCF3D00E9A2CD /* ListTableViewCell.swift in Sources */,
				83E226E91E8B8A7D00D635C7 /* MapViewController.swift in Sources */,
			);
			runOnlyForDeploymentPostprocessing = 0;
		};
/* End PBXSourcesBuildPhase section */

/* Begin PBXVariantGroup section */
		8312C6341E380F2400B2A214 /* Main.storyboard */ = {
			isa = PBXVariantGroup;
			children = (
				8312C6351E380F2400B2A214 /* Base */,
			);
			name = Main.storyboard;
			sourceTree = "<group>";
		};
		8312C6391E380F2400B2A214 /* LaunchScreen.storyboard */ = {
			isa = PBXVariantGroup;
			children = (
				8312C63A1E380F2400B2A214 /* Base */,
			);
			name = LaunchScreen.storyboard;
			sourceTree = "<group>";
		};
/* End PBXVariantGroup section */

/* Begin XCBuildConfiguration section */
		8312C63D1E380F2400B2A214 /* Debug */ = {
			isa = XCBuildConfiguration;
			buildSettings = {
				ALWAYS_SEARCH_USER_PATHS = NO;
				CLANG_ANALYZER_NONNULL = YES;
				CLANG_CXX_LANGUAGE_STANDARD = "gnu++0x";
				CLANG_CXX_LIBRARY = "libc++";
				CLANG_ENABLE_MODULES = YES;
				CLANG_ENABLE_OBJC_ARC = YES;
				CLANG_WARN_BOOL_CONVERSION = YES;
				CLANG_WARN_CONSTANT_CONVERSION = YES;
				CLANG_WARN_DIRECT_OBJC_ISA_USAGE = YES_ERROR;
				CLANG_WARN_DOCUMENTATION_COMMENTS = YES;
				CLANG_WARN_EMPTY_BODY = YES;
				CLANG_WARN_ENUM_CONVERSION = YES;
				CLANG_WARN_INFINITE_RECURSION = YES;
				CLANG_WARN_INT_CONVERSION = YES;
				CLANG_WARN_OBJC_ROOT_CLASS = YES_ERROR;
				CLANG_WARN_SUSPICIOUS_MOVE = YES;
				CLANG_WARN_UNREACHABLE_CODE = YES;
				CLANG_WARN__DUPLICATE_METHOD_MATCH = YES;
				"CODE_SIGN_IDENTITY[sdk=iphoneos*]" = "iPhone Developer";
				COPY_PHASE_STRIP = NO;
				DEBUG_INFORMATION_FORMAT = dwarf;
				ENABLE_STRICT_OBJC_MSGSEND = YES;
				ENABLE_TESTABILITY = YES;
				GCC_C_LANGUAGE_STANDARD = gnu99;
				GCC_DYNAMIC_NO_PIC = NO;
				GCC_NO_COMMON_BLOCKS = YES;
				GCC_OPTIMIZATION_LEVEL = 0;
				GCC_PREPROCESSOR_DEFINITIONS = (
					"DEBUG=1",
					"$(inherited)",
				);
				GCC_WARN_64_TO_32_BIT_CONVERSION = YES;
				GCC_WARN_ABOUT_RETURN_TYPE = YES_ERROR;
				GCC_WARN_UNDECLARED_SELECTOR = YES;
				GCC_WARN_UNINITIALIZED_AUTOS = YES_AGGRESSIVE;
				GCC_WARN_UNUSED_FUNCTION = YES;
				GCC_WARN_UNUSED_VARIABLE = YES;
				IPHONEOS_DEPLOYMENT_TARGET = 10.2;
				MTL_ENABLE_DEBUG_INFO = YES;
				ONLY_ACTIVE_ARCH = YES;
				SDKROOT = iphoneos;
				SWIFT_ACTIVE_COMPILATION_CONDITIONS = DEBUG;
				SWIFT_OPTIMIZATION_LEVEL = "-Onone";
			};
			name = Debug;
		};
		8312C63E1E380F2400B2A214 /* Release */ = {
			isa = XCBuildConfiguration;
			buildSettings = {
				ALWAYS_SEARCH_USER_PATHS = NO;
				CLANG_ANALYZER_NONNULL = YES;
				CLANG_CXX_LANGUAGE_STANDARD = "gnu++0x";
				CLANG_CXX_LIBRARY = "libc++";
				CLANG_ENABLE_MODULES = YES;
				CLANG_ENABLE_OBJC_ARC = YES;
				CLANG_WARN_BOOL_CONVERSION = YES;
				CLANG_WARN_CONSTANT_CONVERSION = YES;
				CLANG_WARN_DIRECT_OBJC_ISA_USAGE = YES_ERROR;
				CLANG_WARN_DOCUMENTATION_COMMENTS = YES;
				CLANG_WARN_EMPTY_BODY = YES;
				CLANG_WARN_ENUM_CONVERSION = YES;
				CLANG_WARN_INFINITE_RECURSION = YES;
				CLANG_WARN_INT_CONVERSION = YES;
				CLANG_WARN_OBJC_ROOT_CLASS = YES_ERROR;
				CLANG_WARN_SUSPICIOUS_MOVE = YES;
				CLANG_WARN_UNREACHABLE_CODE = YES;
				CLANG_WARN__DUPLICATE_METHOD_MATCH = YES;
				"CODE_SIGN_IDENTITY[sdk=iphoneos*]" = "iPhone Developer";
				COPY_PHASE_STRIP = NO;
				DEBUG_INFORMATION_FORMAT = "dwarf-with-dsym";
				ENABLE_NS_ASSERTIONS = NO;
				ENABLE_STRICT_OBJC_MSGSEND = YES;
				GCC_C_LANGUAGE_STANDARD = gnu99;
				GCC_NO_COMMON_BLOCKS = YES;
				GCC_WARN_64_TO_32_BIT_CONVERSION = YES;
				GCC_WARN_ABOUT_RETURN_TYPE = YES_ERROR;
				GCC_WARN_UNDECLARED_SELECTOR = YES;
				GCC_WARN_UNINITIALIZED_AUTOS = YES_AGGRESSIVE;
				GCC_WARN_UNUSED_FUNCTION = YES;
				GCC_WARN_UNUSED_VARIABLE = YES;
				IPHONEOS_DEPLOYMENT_TARGET = 10.2;
				MTL_ENABLE_DEBUG_INFO = NO;
				SDKROOT = iphoneos;
				SWIFT_OPTIMIZATION_LEVEL = "-Owholemodule";
				VALIDATE_PRODUCT = YES;
			};
			name = Release;
		};
		8312C6401E380F2400B2A214 /* Debug */ = {
			isa = XCBuildConfiguration;
			baseConfigurationReference = F17E6240A9FEBB751B9EF5A3 /* Pods-Clemson Crowds.debug.xcconfig */;
			buildSettings = {
				ASSETCATALOG_COMPILER_APPICON_NAME = AppIcon;
				DEVELOPMENT_TEAM = YZ525N58KZ;
				INFOPLIST_FILE = "Clemson Crowds/Info.plist";
				LD_RUNPATH_SEARCH_PATHS = "$(inherited) @executable_path/Frameworks";
				PRODUCT_BUNDLE_IDENTIFIER = "com.4140.Clemson-Crowds";
				PRODUCT_NAME = "$(TARGET_NAME)";
				SWIFT_VERSION = 3.0;
			};
			name = Debug;
		};
		8312C6411E380F2400B2A214 /* Release */ = {
			isa = XCBuildConfiguration;
			baseConfigurationReference = 50A36FC42B90AA1F2C2A4083 /* Pods-Clemson Crowds.release.xcconfig */;
			buildSettings = {
				ASSETCATALOG_COMPILER_APPICON_NAME = AppIcon;
				DEVELOPMENT_TEAM = YZ525N58KZ;
				INFOPLIST_FILE = "Clemson Crowds/Info.plist";
				LD_RUNPATH_SEARCH_PATHS = "$(inherited) @executable_path/Frameworks";
				PRODUCT_BUNDLE_IDENTIFIER = "com.4140.Clemson-Crowds";
				PRODUCT_NAME = "$(TARGET_NAME)";
				SWIFT_VERSION = 3.0;
			};
			name = Release;
		};
/* End XCBuildConfiguration section */

/* Begin XCConfigurationList section */
		8312C6281E380F2400B2A214 /* Build configuration list for PBXProject "Clemson Crowds" */ = {
			isa = XCConfigurationList;
			buildConfigurations = (
				8312C63D1E380F2400B2A214 /* Debug */,
				8312C63E1E380F2400B2A214 /* Release */,
			);
			defaultConfigurationIsVisible = 0;
			defaultConfigurationName = Release;
		};
		8312C63F1E380F2400B2A214 /* Build configuration list for PBXNativeTarget "Clemson Crowds" */ = {
			isa = XCConfigurationList;
			buildConfigurations = (
				8312C6401E380F2400B2A214 /* Debug */,
				8312C6411E380F2400B2A214 /* Release */,
			);
			defaultConfigurationIsVisible = 0;
			defaultConfigurationName = Release;
		};
/* End XCConfigurationList section */
	};
	rootObject = 8312C6251E380F2400B2A214 /* Project object */;
}
